
Microsoft Visual Studio Solution File, Format Version 12.00
# Visual Studio Version 16
VisualStudioVersion = 16.0.29509.3
MinimumVisualStudioVersion = 10.0.40219.1
Project("{FAE04EC0-301F-11D3-BF4B-00C04F79EFBC}") = "TriggerForm", "TriggerForm\TriggerForm.csproj", "{206C311E-6255-4FAA-968B-7D0FF148B081}"
EndProject
Global
	GlobalSection(SolutionConfigurationPlatforms) = preSolution
		Debug|Any CPU = Debug|Any CPU
		Release|Any CPU = Release|Any CPU
	EndGlobalSection
	GlobalSection(ProjectConfigurationPlatforms) = postSolution
		{206C311E-6255-4FAA-968B-7D0FF148B081}.Debug|Any CPU.ActiveCfg = Debug|Any CPU
		{206C311E-6255-4FAA-968B-7D0FF148B081}.Debug|Any CPU.Build.0 = Debug|Any CPU
		{206C311E-6255-4FAA-968B-7D0FF148B081}.Release|Any CPU.ActiveCfg = Release|Any CPU
		{206C311E-6255-4FAA-968B-7D0FF148B081}.Release|Any CPU.Build.0 = Release|Any CPU
	EndGlobalSection
	GlobalSection(SolutionProperties) = preSolution
		HideSolutionNode = FALSE
	EndGlobalSection
	GlobalSection(ExtensibilityGlobals) = postSolution
		SolutionGuid = {56E7C3F6-FECD-439A-9470-B23A93C9FF17}
	EndGlobalSection
EndGlobal
